
Microsoft Visual Studio Solution File, Format Version 12.00
# Visual Studio Version 17
VisualStudioVersion = 17.14.37301.10
MinimumVisualStudioVersion = 10.0.40219.1
Project("{FAE04EC0-301F-11D3-BF4B-00C04F79EFBC}") = "ConsoleAppExample", "ConsoleAppExample\ConsoleAppExample.csproj", "{A72F5041-BD09-4475-B8D6-7527BF9E3A0E}"
EndProject
Project("{FAE04EC0-301F-11D3-BF4B-00C04F79EFBC}") = "Client", "Client\Client.csproj", "{EB08CD61-07F5-41EF-A446-736FA0057D09}"
EndProject
Project("{FAE04EC0-301F-11D3-BF4B-00C04F79EFBC}") = "Server", "Server\Server.csproj", "{A01C8F35-4160-4561-AD23-1B2766398565}"
EndProject
Project("{FAE04EC0-301F-11D3-BF4B-00C04F79EFBC}") = "Server2", "Server2\Server2.csproj", "{1A01F02D-8EDD-46B7-B7A6-636662ECA791}"
EndProject
Project("{FAE04EC0-301F-11D3-BF4B-00C04F79EFBC}") = "WinClient", "WinClient\WinClient.csproj", "{7F149C91-DCE9-42C3-9DE8-B601CF1FE69B}"
EndProject
Project("{FAE04EC0-301F-11D3-BF4B-00C04F79EFBC}") = "Server3", "Server3\Server3.csproj", "{84D198C7-0EF8-4A6B-B2BF-160452B90202}"
EndProject
Global
	GlobalSection(SolutionConfigurationPlatforms) = preSolution
		Debug|Any CPU = Debug|Any CPU
		Release|Any CPU = Release|Any CPU
	EndGlobalSection
	GlobalSection(ProjectConfigurationPlatforms) = postSolution
		{A72F5041-BD09-4475-B8D6-7527BF9E3A0E}.Debug|Any CPU.ActiveCfg = Debug|Any CPU
		{A72F5041-BD09-4475-B8D6-7527BF9E3A0E}.Debug|Any CPU.Build.0 = Debug|Any CPU
		{A72F5041-BD09-4475-B8D6-7527BF9E3A0E}.Release|Any CPU.ActiveCfg = Release|Any CPU
		{A72F5041-BD09-4475-B8D6-7527BF9E3A0E}.Release|Any CPU.Build.0 = Release|Any CPU
		{EB08CD61-07F5-41EF-A446-736FA0057D09}.Debug|Any CPU.ActiveCfg = Debug|Any CPU
		{EB08CD61-07F5-41EF-A446-736FA0057D09}.Debug|Any CPU.Build.0 = Debug|Any CPU
		{EB08CD61-07F5-41EF-A446-736FA0057D09}.Release|Any CPU.ActiveCfg = Release|Any CPU
		{EB08CD61-07F5-41EF-A446-736FA0057D09}.Release|Any CPU.Build.0 = Release|Any CPU
		{A01C8F35-4160-4561-AD23-1B2766398565}.Debug|Any CPU.ActiveCfg = Debug|Any CPU
		{A01C8F35-4160-4561-AD23-1B2766398565}.Debug|Any CPU.Build.0 = Debug|Any CPU
		{A01C8F35-4160-4561-AD23-1B2766398565}.Release|Any CPU.ActiveCfg = Release|Any CPU
		{A01C8F35-4160-4561-AD23-1B2766398565}.Release|Any CPU.Build.0 = Release|Any CPU
		{1A01F02D-8EDD-46B7-B7A6-636662ECA791}.Debug|Any CPU.ActiveCfg = Debug|Any CPU
		{1A01F02D-8EDD-46B7-B7A6-636662ECA791}.Debug|Any CPU.Build.0 = Debug|Any CPU
		{1A01F02D-8EDD-46B7-B7A6-636662ECA791}.Release|Any CPU.ActiveCfg = Release|Any CPU
		{1A01F02D-8EDD-46B7-B7A6-636662ECA791}.Release|Any CPU.Build.0 = Release|Any CPU
		{7F149C91-DCE9-42C3-9DE8-B601CF1FE69B}.Debug|Any CPU.ActiveCfg = Debug|Any CPU
		{7F149C91-DCE9-42C3-9DE8-B601CF1FE69B}.Debug|Any CPU.Build.0 = Debug|Any CPU
		{7F149C91-DCE9-42C3-9DE8-B601CF1FE69B}.Release|Any CPU.ActiveCfg = Release|Any CPU
		{7F149C91-DCE9-42C3-9DE8-B601CF1FE69B}.Release|Any CPU.Build.0 = Release|Any CPU
		{84D198C7-0EF8-4A6B-B2BF-160452B90202}.Debug|Any CPU.ActiveCfg = Debug|Any CPU
		{84D198C7-0EF8-4A6B-B2BF-160452B90202}.Debug|Any CPU.Build.0 = Debug|Any CPU
		{84D198C7-0EF8-4A6B-B2BF-160452B90202}.Release|Any CPU.ActiveCfg = Release|Any CPU
		{84D198C7-0EF8-4A6B-B2BF-160452B90202}.Release|Any CPU.Build.0 = Release|Any CPU
	EndGlobalSection
	GlobalSection(SolutionProperties) = preSolution
		HideSolutionNode = FALSE
	EndGlobalSection
	GlobalSection(ExtensibilityGlobals) = postSolution
		SolutionGuid = {B4993BDB-6A1B-4770-B702-B42FE6D0A639}
	EndGlobalSection
EndGlobal
